// !$*UTF8*$!
{
	archiveVersion = 1;
	classes = {
	};
	objectVersion = 60;
	objects = {

/* Begin PBXBuildFile section */
		1D4013D02B6D4B03004AEE20 /* KinegramEmrtdConnector.framework in Frameworks */ = {isa = PBXBuildFile; fileRef = 1D4013CA2B6D4B03004AEE20 /* KinegramEmrtdConnector.framework */; platformFilter = ios; };
		1D4013D12B6D4B03004AEE20 /* KinegramEmrtdConnector.framework in Embed Frameworks */ = {isa = PBXBuildFile; fileRef = 1D4013CA2B6D4B03004AEE20 /* KinegramEmrtdConnector.framework */; platformFilter = ios; settings = {ATTRIBUTES = (CodeSignOnCopy, RemoveHeadersOnCopy, ); }; };
		1D65A38D2B70C5F700DED1DE /* KinegramEmrtdConnector.framework in Frameworks */ = {isa = PBXBuildFile; fileRef = 1D4013CA2B6D4B03004AEE20 /* KinegramEmrtdConnector.framework */; };
		1D65A38E2B70C5F700DED1DE /* KinegramEmrtdConnector.framework in Embed Frameworks */ = {isa = PBXBuildFile; fileRef = 1D4013CA2B6D4B03004AEE20 /* KinegramEmrtdConnector.framework */; settings = {ATTRIBUTES = (CodeSignOnCopy, RemoveHeadersOnCopy, ); }; };
		1D65A3932B70C63800DED1DE /* KinegramEmrtdConnector in Frameworks */ = {isa = PBXBuildFile; productRef = 1D65A3922B70C63800DED1DE /* KinegramEmrtdConnector */; };
		1D87B5892B6D31860060AB66 /* ParseEmrtdJSONTest.swift in Sources */ = {isa = PBXBuildFile; fileRef = 1D87B5872B6D31860060AB66 /* ParseEmrtdJSONTest.swift */; };
		1D87B58A2B6D31860060AB66 /* peter_parker.json in Resources */ = {isa = PBXBuildFile; fileRef = 1D87B5882B6D31860060AB66 /* peter_parker.json */; };
		1D95B983278EE1FA0059C48F /* ResultsViewController.swift in Sources */ = {isa = PBXBuildFile; fileRef = 1D95B982278EE1FA0059C48F /* ResultsViewController.swift */; };
		1D9BADCA278873D000E32BDA /* Main.storyboard in Resources */ = {isa = PBXBuildFile; fileRef = 1D9BADC8278873D000E32BDA /* Main.storyboard */; };
		953196E12774A4DA004FC79C /* AppDelegate.swift in Sources */ = {isa = PBXBuildFile; fileRef = 953196E02774A4DA004FC79C /* AppDelegate.swift */; };
		953196E32774A4DA004FC79C /* SceneDelegate.swift in Sources */ = {isa = PBXBuildFile; fileRef = 953196E22774A4DA004FC79C /* SceneDelegate.swift */; };
		953196E52774A4DA004FC79C /* MainViewController.swift in Sources */ = {isa = PBXBuildFile; fileRef = 953196E42774A4DA004FC79C /* MainViewController.swift */; };
		953196EA2774A4DC004FC79C /* Assets.xcassets in Resources */ = {isa = PBXBuildFile; fileRef = 953196E92774A4DC004FC79C /* Assets.xcassets */; };
		953196ED2774A4DC004FC79C /* LaunchScreen.storyboard in Resources */ = {isa = PBXBuildFile; fileRef = 953196EB2774A4DC004FC79C /* LaunchScreen.storyboard */; };
/* End PBXBuildFile section */

/* Begin PBXContainerItemProxy section */
		1D4013CE2B6D4B03004AEE20 /* PBXContainerItemProxy */ = {
			isa = PBXContainerItemProxy;
			containerPortal = 953196B52774A32D004FC79C /* Project object */;
			proxyType = 1;
			remoteGlobalIDString = 1D4013C92B6D4B03004AEE20;
			remoteInfo = KinegramEmrtdConnector;
		};
		1D65A38F2B70C5F700DED1DE /* PBXContainerItemProxy */ = {
			isa = PBXContainerItemProxy;
			containerPortal = 953196B52774A32D004FC79C /* Project object */;
			proxyType = 1;
			remoteGlobalIDString = 1D4013C92B6D4B03004AEE20;
			remoteInfo = KinegramEmrtdConnector;
		};
		1DBA2F6F2790690500773ACE /* PBXContainerItemProxy */ = {
			isa = PBXContainerItemProxy;
			containerPortal = 953196B52774A32D004FC79C /* Project object */;
			proxyType = 1;
			remoteGlobalIDString = 953196DD2774A4DA004FC79C;
			remoteInfo = DevelopmentApp;
		};
/* End PBXContainerItemProxy section */

/* Begin PBXCopyFilesBuildPhase section */
		1D65A3912B70C5F700DED1DE /* Embed Frameworks */ = {
			isa = PBXCopyFilesBuildPhase;
			buildActionMask = 2147483647;
			dstPath = "";
			dstSubfolderSpec = 10;
			files = (
				1D65A38E2B70C5F700DED1DE /* KinegramEmrtdConnector.framework in Embed Frameworks */,
			);
			name = "Embed Frameworks";
			runOnlyForDeploymentPostprocessing = 0;
		};
		953196F72774A654004FC79C /* Embed Frameworks */ = {
			isa = PBXCopyFilesBuildPhase;
			buildActionMask = 12;
			dstPath = "";
			dstSubfolderSpec = 10;
			files = (
				1D4013D12B6D4B03004AEE20 /* KinegramEmrtdConnector.framework in Embed Frameworks */,
			);
			name = "Embed Frameworks";
			runOnlyForDeploymentPostprocessing = 0;
		};
/* End PBXCopyFilesBuildPhase section */

/* Begin PBXFileReference section */
		1D4013CA2B6D4B03004AEE20 /* KinegramEmrtdConnector.framework */ = {isa = PBXFileReference; explicitFileType = wrapper.framework; includeInIndex = 0; path = KinegramEmrtdConnector.framework; sourceTree = BUILT_PRODUCTS_DIR; };
		1D87B5872B6D31860060AB66 /* ParseEmrtdJSONTest.swift */ = {isa = PBXFileReference; fileEncoding = 4; lastKnownFileType = sourcecode.swift; path = ParseEmrtdJSONTest.swift; sourceTree = "<group>"; };
		1D87B5882B6D31860060AB66 /* peter_parker.json */ = {isa = PBXFileReference; fileEncoding = 4; lastKnownFileType = text.json; path = peter_parker.json; sourceTree = "<group>"; };
		1D95B982278EE1FA0059C48F /* ResultsViewController.swift */ = {isa = PBXFileReference; lastKnownFileType = sourcecode.swift; path = ResultsViewController.swift; sourceTree = "<group>"; };
		1D9BADC9278873D000E32BDA /* Base */ = {isa = PBXFileReference; lastKnownFileType = file.storyboard; name = Base; path = Base.lproj/Main.storyboard; sourceTree = "<group>"; };
		1DEAB53E2788425E0074C7B6 /* ExampleApp.entitlements */ = {isa = PBXFileReference; lastKnownFileType = text.plist.entitlements; path = ExampleApp.entitlements; sourceTree = "<group>"; };
		953196C82774A32D004FC79C /* KinegramEmrtdConnectorTests.xctest */ = {isa = PBXFileReference; explicitFileType = wrapper.cfbundle; includeInIndex = 0; path = KinegramEmrtdConnectorTests.xctest; sourceTree = BUILT_PRODUCTS_DIR; };
		953196DE2774A4DA004FC79C /* ExampleApp.app */ = {isa = PBXFileReference; explicitFileType = wrapper.application; includeInIndex = 0; path = ExampleApp.app; sourceTree = BUILT_PRODUCTS_DIR; };
		953196E02774A4DA004FC79C /* AppDelegate.swift */ = {isa = PBXFileReference; lastKnownFileType = sourcecode.swift; path = AppDelegate.swift; sourceTree = "<group>"; };
		953196E22774A4DA004FC79C /* SceneDelegate.swift */ = {isa = PBXFileReference; lastKnownFileType = sourcecode.swift; path = SceneDelegate.swift; sourceTree = "<group>"; };
		953196E42774A4DA004FC79C /* MainViewController.swift */ = {isa = PBXFileReference; lastKnownFileType = sourcecode.swift; path = MainViewController.swift; sourceTree = "<group>"; };
		953196E92774A4DC004FC79C /* Assets.xcassets */ = {isa = PBXFileReference; lastKnownFileType = folder.assetcatalog; path = Assets.xcassets; sourceTree = "<group>"; };
		953196EC2774A4DC004FC79C /* Base */ = {isa = PBXFileReference; lastKnownFileType = file.storyboard; name = Base; path = Base.lproj/LaunchScreen.storyboard; sourceTree = "<group>"; };
		953196EE2774A4DC004FC79C /* Info.plist */ = {isa = PBXFileReference; lastKnownFileType = text.plist.xml; path = Info.plist; sourceTree = "<group>"; };
/* End PBXFileReference section */

/* Begin PBXFrameworksBuildPhase section */
		1D4013C72B6D4B03004AEE20 /* Frameworks */ = {
			isa = PBXFrameworksBuildPhase;
			buildActionMask = 2147483647;
			files = (
				1D65A3932B70C63800DED1DE /* KinegramEmrtdConnector in Frameworks */,
			);
			runOnlyForDeploymentPostprocessing = 0;
		};
		953196C52774A32D004FC79C /* Frameworks */ = {
			isa = PBXFrameworksBuildPhase;
			buildActionMask = 2147483647;
			files = (
				1D65A38D2B70C5F700DED1DE /* KinegramEmrtdConnector.framework in Frameworks */,
			);
			runOnlyForDeploymentPostprocessing = 0;
		};
		953196DB2774A4DA004FC79C /* Frameworks */ = {
			isa = PBXFrameworksBuildPhase;
			buildActionMask = 2147483647;
			files = (
				1D4013D02B6D4B03004AEE20 /* KinegramEmrtdConnector.framework in Frameworks */,
			);
			runOnlyForDeploymentPostprocessing = 0;
		};
/* End PBXFrameworksBuildPhase section */

/* Begin PBXGroup section */
		1D87B5862B6D31860060AB66 /* KinegramEmrtdConnectorTests */ = {
			isa = PBXGroup;
			children = (
				1D87B5872B6D31860060AB66 /* ParseEmrtdJSONTest.swift */,
				1D87B5882B6D31860060AB66 /* peter_parker.json */,
			);
			path = KinegramEmrtdConnectorTests;
			sourceTree = "<group>";
		};
		1D87B58C2B6D31F50060AB66 /* ExampleApp */ = {
			isa = PBXGroup;
			children = (
				1DEAB53E2788425E0074C7B6 /* ExampleApp.entitlements */,
				953196E02774A4DA004FC79C /* AppDelegate.swift */,
				953196E22774A4DA004FC79C /* SceneDelegate.swift */,
				953196E42774A4DA004FC79C /* MainViewController.swift */,
				1D95B982278EE1FA0059C48F /* ResultsViewController.swift */,
				953196E92774A4DC004FC79C /* Assets.xcassets */,
				1D9BADC8278873D000E32BDA /* Main.storyboard */,
				953196EB2774A4DC004FC79C /* LaunchScreen.storyboard */,
				953196EE2774A4DC004FC79C /* Info.plist */,
			);
			path = ExampleApp;
			sourceTree = "<group>";
		};
		953196B42774A32D004FC79C = {
			isa = PBXGroup;
			children = (
				1D87B58C2B6D31F50060AB66 /* ExampleApp */,
				1D87B5862B6D31860060AB66 /* KinegramEmrtdConnectorTests */,
				953196BF2774A32D004FC79C /* Products */,
			);
			sourceTree = "<group>";
		};
		953196BF2774A32D004FC79C /* Products */ = {
			isa = PBXGroup;
			children = (
				953196C82774A32D004FC79C /* KinegramEmrtdConnectorTests.xctest */,
				953196DE2774A4DA004FC79C /* ExampleApp.app */,
				1D4013CA2B6D4B03004AEE20 /* KinegramEmrtdConnector.framework */,
			);
			name = Products;
			sourceTree = "<group>";
		};
/* End PBXGroup section */

/* Begin PBXHeadersBuildPhase section */
		1D4013C52B6D4B03004AEE20 /* Headers */ = {
			isa = PBXHeadersBuildPhase;
			buildActionMask = 2147483647;
			files = (
			);
			runOnlyForDeploymentPostprocessing = 0;
		};
/* End PBXHeadersBuildPhase section */

/* Begin PBXNativeTarget section */
		1D4013C92B6D4B03004AEE20 /* KinegramEmrtdConnector */ = {
			isa = PBXNativeTarget;
			buildConfigurationList = 1D4013D22B6D4B03004AEE20 /* Build configuration list for PBXNativeTarget "KinegramEmrtdConnector" */;
			buildPhases = (
				1D4013C52B6D4B03004AEE20 /* Headers */,
				1D4013C62B6D4B03004AEE20 /* Sources */,
				1D4013C72B6D4B03004AEE20 /* Frameworks */,
				1D4013C82B6D4B03004AEE20 /* Resources */,
			);
			buildRules = (
			);
			dependencies = (
			);
			name = KinegramEmrtdConnector;
			packageProductDependencies = (
				1D65A3922B70C63800DED1DE /* KinegramEmrtdConnector */,
			);
			productName = KinegramEmrtdConnector;
			productReference = 1D4013CA2B6D4B03004AEE20 /* KinegramEmrtdConnector.framework */;
			productType = "com.apple.product-type.framework";
		};
		953196C72774A32D004FC79C /* KinegramEmrtdConnectorTests */ = {
			isa = PBXNativeTarget;
			buildConfigurationList = 953196D52774A32D004FC79C /* Build configuration list for PBXNativeTarget "KinegramEmrtdConnectorTests" */;
			buildPhases = (
				953196C42774A32D004FC79C /* Sources */,
				953196C52774A32D004FC79C /* Frameworks */,
				953196C62774A32D004FC79C /* Resources */,
				1D65A3912B70C5F700DED1DE /* Embed Frameworks */,
			);
			buildRules = (
			);
			dependencies = (
				1DBA2F702790690500773ACE /* PBXTargetDependency */,
				1D65A3902B70C5F700DED1DE /* PBXTargetDependency */,
			);
			name = KinegramEmrtdConnectorTests;
			productName = kds_sdk_templateTests;
			productReference = 953196C82774A32D004FC79C /* KinegramEmrtdConnectorTests.xctest */;
			productType = "com.apple.product-type.bundle.unit-test";
		};
		953196DD2774A4DA004FC79C /* ExampleApp */ = {
			isa = PBXNativeTarget;
			buildConfigurationList = 953196EF2774A4DC004FC79C /* Build configuration list for PBXNativeTarget "ExampleApp" */;
			buildPhases = (
				953196DA2774A4DA004FC79C /* Sources */,
				953196DB2774A4DA004FC79C /* Frameworks */,
				953196DC2774A4DA004FC79C /* Resources */,
				953196F72774A654004FC79C /* Embed Frameworks */,
			);
			buildRules = (
			);
			dependencies = (
				1D4013CF2B6D4B03004AEE20 /* PBXTargetDependency */,
			);
			name = ExampleApp;
			packageProductDependencies = (
			);
			productName = DevelopmentApp;
			productReference = 953196DE2774A4DA004FC79C /* ExampleApp.app */;
			productType = "com.apple.product-type.application";
		};
/* End PBXNativeTarget section */

/* Begin PBXProject section */
		953196B52774A32D004FC79C /* Project object */ = {
			isa = PBXProject;
			attributes = {
				BuildIndependentTargetsInParallel = 1;
				LastSwiftUpdateCheck = 1520;
				LastUpgradeCheck = 1520;
				TargetAttributes = {
					1D4013C92B6D4B03004AEE20 = {
						CreatedOnToolsVersion = 15.2;
						LastSwiftMigration = 1520;
					};
					953196C72774A32D004FC79C = {
						CreatedOnToolsVersion = 13.2.1;
						TestTargetID = 953196DD2774A4DA004FC79C;
					};
					953196DD2774A4DA004FC79C = {
						CreatedOnToolsVersion = 13.2.1;
					};
				};
			};
			buildConfigurationList = 953196B82774A32D004FC79C /* Build configuration list for PBXProject "ExampleApp" */;
			compatibilityVersion = "Xcode 15.0";
			developmentRegion = en;
			hasScannedForEncodings = 0;
			knownRegions = (
				en,
				Base,
			);
			mainGroup = 953196B42774A32D004FC79C;
			packageReferences = (
				1D65A38B2B70C5A500DED1DE /* XCLocalSwiftPackageReference ".." */,
			);
			productRefGroup = 953196BF2774A32D004FC79C /* Products */;
			projectDirPath = "";
			projectRoot = "";
			targets = (
				953196DD2774A4DA004FC79C /* ExampleApp */,
				953196C72774A32D004FC79C /* KinegramEmrtdConnectorTests */,
				1D4013C92B6D4B03004AEE20 /* KinegramEmrtdConnector */,
			);
		};
/* End PBXProject section */

/* Begin PBXResourcesBuildPhase section */
		1D4013C82B6D4B03004AEE20 /* Resources */ = {
			isa = PBXResourcesBuildPhase;
			buildActionMask = 2147483647;
			files = (
			);
			runOnlyForDeploymentPostprocessing = 0;
		};
		953196C62774A32D004FC79C /* Resources */ = {
			isa = PBXResourcesBuildPhase;
			buildActionMask = 2147483647;
			files = (
				1D87B58A2B6D31860060AB66 /* peter_parker.json in Resources */,
			);
			runOnlyForDeploymentPostprocessing = 0;
		};
		953196DC2774A4DA004FC79C /* Resources */ = {
			isa = PBXResourcesBuildPhase;
			buildActionMask = 2147483647;
			files = (
				1D9BADCA278873D000E32BDA /* Main.storyboard in Resources */,
				953196ED2774A4DC004FC79C /* LaunchScreen.storyboard in Resources */,
				953196EA2774A4DC004FC79C /* Assets.xcassets in Resources */,
			);
			runOnlyForDeploymentPostprocessing = 0;
		};
/* End PBXResourcesBuildPhase section */

/* Begin PBXSourcesBuildPhase section */
		1D4013C62B6D4B03004AEE20 /* Sources */ = {
			isa = PBXSourcesBuildPhase;
			buildActionMask = 2147483647;
			files = (
			);
			runOnlyForDeploymentPostprocessing = 0;
		};
		953196C42774A32D004FC79C /* Sources */ = {
			isa = PBXSourcesBuildPhase;
			buildActionMask = 2147483647;
			files = (
				1D87B5892B6D31860060AB66 /* ParseEmrtdJSONTest.swift in Sources */,
			);
			runOnlyForDeploymentPostprocessing = 0;
		};
		953196DA2774A4DA004FC79C /* Sources */ = {
			isa = PBXSourcesBuildPhase;
			buildActionMask = 2147483647;
			files = (
				1D95B983278EE1FA0059C48F /* ResultsViewController.swift in Sources */,
				953196E52774A4DA004FC79C /* MainViewController.swift in Sources */,
				953196E12774A4DA004FC79C /* AppDelegate.swift in Sources */,
				953196E32774A4DA004FC79C /* SceneDelegate.swift in Sources */,
			);
			runOnlyForDeploymentPostprocessing = 0;
		};
/* End PBXSourcesBuildPhase section */

/* Begin PBXTargetDependency section */
		1D4013CF2B6D4B03004AEE20 /* PBXTargetDependency */ = {
			isa = PBXTargetDependency;
			platformFilter = ios;
			target = 1D4013C92B6D4B03004AEE20 /* KinegramEmrtdConnector */;
			targetProxy = 1D4013CE2B6D4B03004AEE20 /* PBXContainerItemProxy */;
		};
		1D65A3902B70C5F700DED1DE /* PBXTargetDependency */ = {
			isa = PBXTargetDependency;
			target = 1D4013C92B6D4B03004AEE20 /* KinegramEmrtdConnector */;
			targetProxy = 1D65A38F2B70C5F700DED1DE /* PBXContainerItemProxy */;
		};
		1DBA2F702790690500773ACE /* PBXTargetDependency */ = {
			isa = PBXTargetDependency;
			target = 953196DD2774A4DA004FC79C /* ExampleApp */;
			targetProxy = 1DBA2F6F2790690500773ACE /* PBXContainerItemProxy */;
		};
/* End PBXTargetDependency section */

/* Begin PBXVariantGroup section */
		1D9BADC8278873D000E32BDA /* Main.storyboard */ = {
			isa = PBXVariantGroup;
			children = (
				1D9BADC9278873D000E32BDA /* Base */,
			);
			name = Main.storyboard;
			sourceTree = "<group>";
		};
		953196EB2774A4DC004FC79C /* LaunchScreen.storyboard */ = {
			isa = PBXVariantGroup;
			children = (
				953196EC2774A4DC004FC79C /* Base */,
			);
			name = LaunchScreen.storyboard;
			sourceTree = "<group>";
		};
/* End PBXVariantGroup section */

/* Begin XCBuildConfiguration section */
		1D4013D32B6D4B03004AEE20 /* Debug */ = {
			isa = XCBuildConfiguration;
			buildSettings = {
				ASSETCATALOG_COMPILER_GENERATE_SWIFT_ASSET_SYMBOL_EXTENSIONS = YES;
				CLANG_CXX_LANGUAGE_STANDARD = "gnu++20";
				CLANG_ENABLE_MODULES = YES;
				CODE_SIGN_STYLE = Manual;
				CURRENT_PROJECT_VERSION = 1;
				DEFINES_MODULE = NO;
				DEVELOPMENT_TEAM = "";
				DYLIB_COMPATIBILITY_VERSION = 1;
				DYLIB_CURRENT_VERSION = 1;
				DYLIB_INSTALL_NAME_BASE = "@rpath";
				ENABLE_MODULE_VERIFIER = YES;
				GCC_C_LANGUAGE_STANDARD = gnu17;
				GENERATE_INFOPLIST_FILE = YES;
				INFOPLIST_KEY_NSHumanReadableCopyright = "";
				INSTALL_PATH = "$(LOCAL_LIBRARY_DIR)/Frameworks";
				IPHONEOS_DEPLOYMENT_TARGET = 12.0;
				LD_RUNPATH_SEARCH_PATHS = (
					"$(inherited)",
					"@executable_path/Frameworks",
					"@loader_path/Frameworks",
				);
				LOCALIZATION_PREFERS_STRING_CATALOGS = YES;
				MODULE_VERIFIER_SUPPORTED_LANGUAGES = "objective-c objective-c++";
				MODULE_VERIFIER_SUPPORTED_LANGUAGE_STANDARDS = "gnu17 gnu++20";
				PRODUCT_BUNDLE_IDENTIFIER = com.kinegram.ios.KinegramEmrtdConnector;
				PRODUCT_NAME = "$(TARGET_NAME:c99extidentifier)";
				PROVISIONING_PROFILE_SPECIFIER = "";
				SKIP_INSTALL = YES;
				SUPPORTED_PLATFORMS = "iphoneos iphonesimulator";
				SUPPORTS_MACCATALYST = NO;
				SUPPORTS_MAC_DESIGNED_FOR_IPHONE_IPAD = NO;
				SUPPORTS_XR_DESIGNED_FOR_IPHONE_IPAD = NO;
				SWIFT_ACTIVE_COMPILATION_CONDITIONS = "DEBUG $(inherited)";
				SWIFT_EMIT_LOC_STRINGS = YES;
				SWIFT_OPTIMIZATION_LEVEL = "-Onone";
				SWIFT_VERSION = 5.0;
				TARGETED_DEVICE_FAMILY = 1;
			};
			name = Debug;
		};
		1D4013D42B6D4B03004AEE20 /* Release */ = {
			isa = XCBuildConfiguration;
			buildSettings = {
				ASSETCATALOG_COMPILER_GENERATE_SWIFT_ASSET_SYMBOL_EXTENSIONS = YES;
				CLANG_CXX_LANGUAGE_STANDARD = "gnu++20";
				CLANG_ENABLE_MODULES = YES;
				CODE_SIGN_STYLE = Manual;
				CURRENT_PROJECT_VERSION = 1;
				DEFINES_MODULE = NO;
				DEVELOPMENT_TEAM = "";
				DYLIB_COMPATIBILITY_VERSION = 1;
				DYLIB_CURRENT_VERSION = 1;
				DYLIB_INSTALL_NAME_BASE = "@rpath";
				ENABLE_MODULE_VERIFIER = YES;
				GCC_C_LANGUAGE_STANDARD = gnu17;
				GENERATE_INFOPLIST_FILE = YES;
				INFOPLIST_KEY_NSHumanReadableCopyright = "";
				INSTALL_PATH = "$(LOCAL_LIBRARY_DIR)/Frameworks";
				IPHONEOS_DEPLOYMENT_TARGET = 12.0;
				LD_RUNPATH_SEARCH_PATHS = (
					"$(inherited)",
					"@executable_path/Frameworks",
					"@loader_path/Frameworks",
				);
				LOCALIZATION_PREFERS_STRING_CATALOGS = YES;
				MODULE_VERIFIER_SUPPORTED_LANGUAGES = "objective-c objective-c++";
				MODULE_VERIFIER_SUPPORTED_LANGUAGE_STANDARDS = "gnu17 gnu++20";
				PRODUCT_BUNDLE_IDENTIFIER = com.kinegram.ios.KinegramEmrtdConnector;
				PRODUCT_NAME = "$(TARGET_NAME:c99extidentifier)";
				PROVISIONING_PROFILE_SPECIFIER = "";
				SKIP_INSTALL = YES;
				SUPPORTED_PLATFORMS = "iphoneos iphonesimulator";
				SUPPORTS_MACCATALYST = NO;
				SUPPORTS_MAC_DESIGNED_FOR_IPHONE_IPAD = NO;
				SUPPORTS_XR_DESIGNED_FOR_IPHONE_IPAD = NO;
				SWIFT_EMIT_LOC_STRINGS = YES;
				SWIFT_VERSION = 5.0;
				TARGETED_DEVICE_FAMILY = 1;
			};
			name = Release;
		};
		953196D02774A32D004FC79C /* Debug */ = {
			isa = XCBuildConfiguration;
			buildSettings = {
				ALWAYS_SEARCH_USER_PATHS = NO;
				CLANG_ANALYZER_NONNULL = YES;
				CLANG_ANALYZER_NUMBER_OBJECT_CONVERSION = YES_AGGRESSIVE;
				CLANG_CXX_LANGUAGE_STANDARD = "gnu++17";
				CLANG_CXX_LIBRARY = "libc++";
				CLANG_ENABLE_MODULES = YES;
				CLANG_ENABLE_OBJC_ARC = YES;
				CLANG_ENABLE_OBJC_WEAK = YES;
				CLANG_WARN_BLOCK_CAPTURE_AUTORELEASING = YES;
				CLANG_WARN_BOOL_CONVERSION = YES;
				CLANG_WARN_COMMA = YES;
				CLANG_WARN_CONSTANT_CONVERSION = YES;
				CLANG_WARN_DEPRECATED_OBJC_IMPLEMENTATIONS = YES;
				CLANG_WARN_DIRECT_OBJC_ISA_USAGE = YES_ERROR;
				CLANG_WARN_DOCUMENTATION_COMMENTS = YES;
				CLANG_WARN_EMPTY_BODY = YES;
				CLANG_WARN_ENUM_CONVERSION = YES;
				CLANG_WARN_INFINITE_RECURSION = YES;
				CLANG_WARN_INT_CONVERSION = YES;
				CLANG_WARN_NON_LITERAL_NULL_CONVERSION = YES;
				CLANG_WARN_OBJC_IMPLICIT_RETAIN_SELF = YES;
				CLANG_WARN_OBJC_LITERAL_CONVERSION = YES;
				CLANG_WARN_OBJC_ROOT_CLASS = YES_ERROR;
				CLANG_WARN_QUOTED_INCLUDE_IN_FRAMEWORK_HEADER = YES;
				CLANG_WARN_RANGE_LOOP_ANALYSIS = YES;
				CLANG_WARN_STRICT_PROTOTYPES = YES;
				CLANG_WARN_SUSPICIOUS_MOVE = YES;
				CLANG_WARN_UNGUARDED_AVAILABILITY = YES_AGGRESSIVE;
				CLANG_WARN_UNREACHABLE_CODE = YES;
				CLANG_WARN__DUPLICATE_METHOD_MATCH = YES;
				COPY_PHASE_STRIP = NO;
				CURRENT_PROJECT_VERSION = 1;
				DEBUG_INFORMATION_FORMAT = dwarf;
				ENABLE_STRICT_OBJC_MSGSEND = YES;
				ENABLE_TESTABILITY = YES;
				ENABLE_USER_SCRIPT_SANDBOXING = YES;
				GCC_C_LANGUAGE_STANDARD = gnu11;
				GCC_DYNAMIC_NO_PIC = NO;
				GCC_NO_COMMON_BLOCKS = YES;
				GCC_OPTIMIZATION_LEVEL = 0;
				GCC_PREPROCESSOR_DEFINITIONS = (
					"DEBUG=1",
					"$(inherited)",
				);
				GCC_WARN_64_TO_32_BIT_CONVERSION = YES;
				GCC_WARN_ABOUT_RETURN_TYPE = YES_ERROR;
				GCC_WARN_UNDECLARED_SELECTOR = YES;
				GCC_WARN_UNINITIALIZED_AUTOS = YES_AGGRESSIVE;
				GCC_WARN_UNUSED_FUNCTION = YES;
				GCC_WARN_UNUSED_VARIABLE = YES;
				IPHONEOS_DEPLOYMENT_TARGET = 13.0;
				MARKETING_VERSION = 0.0.10;
				MTL_ENABLE_DEBUG_INFO = INCLUDE_SOURCE;
				MTL_FAST_MATH = YES;
				ONLY_ACTIVE_ARCH = YES;
				SDKROOT = iphoneos;
				SWIFT_ACTIVE_COMPILATION_CONDITIONS = DEBUG;
				SWIFT_OPTIMIZATION_LEVEL = "-Onone";
				VERSIONING_SYSTEM = "apple-generic";
				VERSION_INFO_PREFIX = "";
			};
			name = Debug;
		};
		953196D12774A32D004FC79C /* Release */ = {
			isa = XCBuildConfiguration;
			buildSettings = {
				ALWAYS_SEARCH_USER_PATHS = NO;
				CLANG_ANALYZER_NONNULL = YES;
				CLANG_ANALYZER_NUMBER_OBJECT_CONVERSION = YES_AGGRESSIVE;
				CLANG_CXX_LANGUAGE_STANDARD = "gnu++17";
				CLANG_CXX_LIBRARY = "libc++";
				CLANG_ENABLE_MODULES = YES;
				CLANG_ENABLE_OBJC_ARC = YES;
				CLANG_ENABLE_OBJC_WEAK = YES;
				CLANG_WARN_BLOCK_CAPTURE_AUTORELEASING = YES;
				CLANG_WARN_BOOL_CONVERSION = YES;
				CLANG_WARN_COMMA = YES;
				CLANG_WARN_CONSTANT_CONVERSION = YES;
				CLANG_WARN_DEPRECATED_OBJC_IMPLEMENTATIONS = YES;
				CLANG_WARN_DIRECT_OBJC_ISA_USAGE = YES_ERROR;
				CLANG_WARN_DOCUMENTATION_COMMENTS = YES;
				CLANG_WARN_EMPTY_BODY = YES;
				CLANG_WARN_ENUM_CONVERSION = YES;
				CLANG_WARN_INFINITE_RECURSION = YES;
				CLANG_WARN_INT_CONVERSION = YES;
				CLANG_WARN_NON_LITERAL_NULL_CONVERSION = YES;
				CLANG_WARN_OBJC_IMPLICIT_RETAIN_SELF = YES;
				CLANG_WARN_OBJC_LITERAL_CONVERSION = YES;
				CLANG_WARN_OBJC_ROOT_CLASS = YES_ERROR;
				CLANG_WARN_QUOTED_INCLUDE_IN_FRAMEWORK_HEADER = YES;
				CLANG_WARN_RANGE_LOOP_ANALYSIS = YES;
				CLANG_WARN_STRICT_PROTOTYPES = YES;
				CLANG_WARN_SUSPICIOUS_MOVE = YES;
				CLANG_WARN_UNGUARDED_AVAILABILITY = YES_AGGRESSIVE;
				CLANG_WARN_UNREACHABLE_CODE = YES;
				CLANG_WARN__DUPLICATE_METHOD_MATCH = YES;
				COPY_PHASE_STRIP = NO;
				CURRENT_PROJECT_VERSION = 1;
				DEBUG_INFORMATION_FORMAT = "dwarf-with-dsym";
				ENABLE_NS_ASSERTIONS = NO;
				ENABLE_STRICT_OBJC_MSGSEND = YES;
				ENABLE_USER_SCRIPT_SANDBOXING = YES;
				GCC_C_LANGUAGE_STANDARD = gnu11;
				GCC_NO_COMMON_BLOCKS = YES;
				GCC_WARN_64_TO_32_BIT_CONVERSION = YES;
				GCC_WARN_ABOUT_RETURN_TYPE = YES_ERROR;
				GCC_WARN_UNDECLARED_SELECTOR = YES;
				GCC_WARN_UNINITIALIZED_AUTOS = YES_AGGRESSIVE;
				GCC_WARN_UNUSED_FUNCTION = YES;
				GCC_WARN_UNUSED_VARIABLE = YES;
				IPHONEOS_DEPLOYMENT_TARGET = 13.0;
				MARKETING_VERSION = 0.0.10;
				MTL_ENABLE_DEBUG_INFO = NO;
				MTL_FAST_MATH = YES;
				SDKROOT = iphoneos;
				SWIFT_COMPILATION_MODE = wholemodule;
				SWIFT_OPTIMIZATION_LEVEL = "-O";
				VALIDATE_PRODUCT = YES;
				VERSIONING_SYSTEM = "apple-generic";
				VERSION_INFO_PREFIX = "";
			};
			name = Release;
		};
		953196D62774A32D004FC79C /* Debug */ = {
			isa = XCBuildConfiguration;
			buildSettings = {
				ALWAYS_EMBED_SWIFT_STANDARD_LIBRARIES = YES;
				CODE_SIGN_IDENTITY = "Apple Development";
				CODE_SIGN_STYLE = Automatic;
				CURRENT_PROJECT_VERSION = 1;
				DEVELOPMENT_TEAM = EFFLVPGMFM;
				GENERATE_INFOPLIST_FILE = YES;
				PRODUCT_BUNDLE_IDENTIFIER = "com.kinegram.ios.emrtd-connector.Tests-${DEVELOPMENT_TEAM}";
				PRODUCT_NAME = "$(TARGET_NAME)";
				PROVISIONING_PROFILE_SPECIFIER = "";
				SUPPORTED_PLATFORMS = "iphoneos iphonesimulator";
				SUPPORTS_MACCATALYST = NO;
				SUPPORTS_MAC_DESIGNED_FOR_IPHONE_IPAD = NO;
				SUPPORTS_XR_DESIGNED_FOR_IPHONE_IPAD = NO;
				SWIFT_EMIT_LOC_STRINGS = NO;
				SWIFT_VERSION = 5.0;
				TARGETED_DEVICE_FAMILY = 1;
				TEST_HOST = "$(BUILT_PRODUCTS_DIR)/ExampleApp.app/$(BUNDLE_EXECUTABLE_FOLDER_PATH)/ExampleApp";
			};
			name = Debug;
		};
		953196D72774A32D004FC79C /* Release */ = {
			isa = XCBuildConfiguration;
			buildSettings = {
				ALWAYS_EMBED_SWIFT_STANDARD_LIBRARIES = YES;
				CODE_SIGN_IDENTITY = "Apple Development";
				CODE_SIGN_STYLE = Automatic;
				CURRENT_PROJECT_VERSION = 1;
				DEVELOPMENT_TEAM = EFFLVPGMFM;
				GENERATE_INFOPLIST_FILE = YES;
				PRODUCT_BUNDLE_IDENTIFIER = "com.kinegram.ios.emrtd-connector.Tests-${DEVELOPMENT_TEAM}";
				PRODUCT_NAME = "$(TARGET_NAME)";
				PROVISIONING_PROFILE_SPECIFIER = "";
				SUPPORTED_PLATFORMS = "iphoneos iphonesimulator";
				SUPPORTS_MACCATALYST = NO;
				SUPPORTS_MAC_DESIGNED_FOR_IPHONE_IPAD = NO;
				SUPPORTS_XR_DESIGNED_FOR_IPHONE_IPAD = NO;
				SWIFT_EMIT_LOC_STRINGS = NO;
				SWIFT_VERSION = 5.0;
				TARGETED_DEVICE_FAMILY = 1;
				TEST_HOST = "$(BUILT_PRODUCTS_DIR)/ExampleApp.app/$(BUNDLE_EXECUTABLE_FOLDER_PATH)/ExampleApp";
			};
			name = Release;
		};
		953196F02774A4DC004FC79C /* Debug */ = {
			isa = XCBuildConfiguration;
			buildSettings = {
				ASSETCATALOG_COMPILER_APPICON_NAME = AppIcon;
				ASSETCATALOG_COMPILER_GLOBAL_ACCENT_COLOR_NAME = AccentColor;
				CODE_SIGN_ENTITLEMENTS = ExampleApp/ExampleApp.entitlements;
				CODE_SIGN_STYLE = Automatic;
				CURRENT_PROJECT_VERSION = 1;
				DEVELOPMENT_TEAM = EFFLVPGMFM;
				GENERATE_INFOPLIST_FILE = YES;
				INFOPLIST_FILE = ExampleApp/Info.plist;
				INFOPLIST_KEY_CFBundleDisplayName = "eMRTD Connector Example";
				INFOPLIST_KEY_NFCReaderUsageDescription = "This app uses NFC to scan passports";
				INFOPLIST_KEY_UIApplicationSupportsIndirectInputEvents = YES;
				INFOPLIST_KEY_UILaunchStoryboardName = LaunchScreen;
				INFOPLIST_KEY_UIMainStoryboardFile = Main;
				INFOPLIST_KEY_UISupportedInterfaceOrientations_iPad = "UIInterfaceOrientationPortrait UIInterfaceOrientationPortraitUpsideDown UIInterfaceOrientationLandscapeLeft UIInterfaceOrientationLandscapeRight";
				INFOPLIST_KEY_UISupportedInterfaceOrientations_iPhone = "UIInterfaceOrientationPortrait UIInterfaceOrientationLandscapeLeft UIInterfaceOrientationLandscapeRight";
				IPHONEOS_DEPLOYMENT_TARGET = 13.0;
				LD_RUNPATH_SEARCH_PATHS = (
					"$(inherited)",
					"@executable_path/Frameworks",
				);
				PRODUCT_BUNDLE_IDENTIFIER = "com.kinegram.ios.emrtd-connector.ExampleApp-${DEVELOPMENT_TEAM}";
				PRODUCT_NAME = "$(TARGET_NAME)";
				SUPPORTED_PLATFORMS = "iphoneos iphonesimulator";
				SUPPORTS_MACCATALYST = NO;
				SUPPORTS_MAC_DESIGNED_FOR_IPHONE_IPAD = NO;
				SUPPORTS_XR_DESIGNED_FOR_IPHONE_IPAD = NO;
				SWIFT_EMIT_LOC_STRINGS = YES;
				SWIFT_VERSION = 5.0;
				TARGETED_DEVICE_FAMILY = 1;
			};
			name = Debug;
		};
		953196F12774A4DC004FC79C /* Release */ = {
			isa = XCBuildConfiguration;
			buildSettings = {
				ASSETCATALOG_COMPILER_APPICON_NAME = AppIcon;
				ASSETCATALOG_COMPILER_GLOBAL_ACCENT_COLOR_NAME = AccentColor;
				CODE_SIGN_ENTITLEMENTS = ExampleApp/ExampleApp.entitlements;
				CODE_SIGN_STYLE = Automatic;
				CURRENT_PROJECT_VERSION = 1;
				DEVELOPMENT_TEAM = EFFLVPGMFM;
				GENERATE_INFOPLIST_FILE = YES;
				INFOPLIST_FILE = ExampleApp/Info.plist;
				INFOPLIST_KEY_CFBundleDisplayName = "eMRTD Connector Example";
				INFOPLIST_KEY_NFCReaderUsageDescription = "This app uses NFC to scan passports";
				INFOPLIST_KEY_UIApplicationSupportsIndirectInputEvents = YES;
				INFOPLIST_KEY_UILaunchStoryboardName = LaunchScreen;
				INFOPLIST_KEY_UIMainStoryboardFile = Main;
				INFOPLIST_KEY_UISupportedInterfaceOrientations_iPad = "UIInterfaceOrientationPortrait UIInterfaceOrientationPortraitUpsideDown UIInterfaceOrientationLandscapeLeft UIInterfaceOrientationLandscapeRight";
				INFOPLIST_KEY_UISupportedInterfaceOrientations_iPhone = "UIInterfaceOrientationPortrait UIInterfaceOrientationLandscapeLeft UIInterfaceOrientationLandscapeRight";
				IPHONEOS_DEPLOYMENT_TARGET = 13.0;
				LD_RUNPATH_SEARCH_PATHS = (
					"$(inherited)",
					"@executable_path/Frameworks",
				);
				PRODUCT_BUNDLE_IDENTIFIER = "com.kinegram.ios.emrtd-connector.ExampleApp-${DEVELOPMENT_TEAM}";
				PRODUCT_NAME = "$(TARGET_NAME)";
				SUPPORTED_PLATFORMS = "iphoneos iphonesimulator";
				SUPPORTS_MACCATALYST = NO;
				SUPPORTS_MAC_DESIGNED_FOR_IPHONE_IPAD = NO;
				SUPPORTS_XR_DESIGNED_FOR_IPHONE_IPAD = NO;
				SWIFT_EMIT_LOC_STRINGS = YES;
				SWIFT_VERSION = 5.0;
				TARGETED_DEVICE_FAMILY = 1;
			};
			name = Release;
		};
/* End XCBuildConfiguration section */

/* Begin XCConfigurationList section */
		1D4013D22B6D4B03004AEE20 /* Build configuration list for PBXNativeTarget "KinegramEmrtdConnector" */ = {
			isa = XCConfigurationList;
			buildConfigurations = (
				1D4013D32B6D4B03004AEE20 /* Debug */,
				1D4013D42B6D4B03004AEE20 /* Release */,
			);
			defaultConfigurationIsVisible = 0;
			defaultConfigurationName = Release;
		};
		953196B82774A32D004FC79C /* Build configuration list for PBXProject "ExampleApp" */ = {
			isa = XCConfigurationList;
			buildConfigurations = (
				953196D02774A32D004FC79C /* Debug */,
				953196D12774A32D004FC79C /* Release */,
			);
			defaultConfigurationIsVisible = 0;
			defaultConfigurationName = Release;
		};
		953196D52774A32D004FC79C /* Build configuration list for PBXNativeTarget "KinegramEmrtdConnectorTests" */ = {
			isa = XCConfigurationList;
			buildConfigurations = (
				953196D62774A32D004FC79C /* Debug */,
				953196D72774A32D004FC79C /* Release */,
			);
			defaultConfigurationIsVisible = 0;
			defaultConfigurationName = Release;
		};
		953196EF2774A4DC004FC79C /* Build configuration list for PBXNativeTarget "ExampleApp" */ = {
			isa = XCConfigurationList;
			buildConfigurations = (
				953196F02774A4DC004FC79C /* Debug */,
				953196F12774A4DC004FC79C /* Release */,
			);
			defaultConfigurationIsVisible = 0;
			defaultConfigurationName = Release;
		};
/* End XCConfigurationList section */

/* Begin XCLocalSwiftPackageReference section */
		1D65A38B2B70C5A500DED1DE /* XCLocalSwiftPackageReference ".." */ = {
			isa = XCLocalSwiftPackageReference;
			relativePath = ..;
		};
/* End XCLocalSwiftPackageReference section */

/* Begin XCSwiftPackageProductDependency section */
		1D65A3922B70C63800DED1DE /* KinegramEmrtdConnector */ = {
			isa = XCSwiftPackageProductDependency;
			productName = KinegramEmrtdConnector;
		};
/* End XCSwiftPackageProductDependency section */
	};
	rootObject = 953196B52774A32D004FC79C /* Project object */;
}
